
Microsoft Visual Studio Solution File, Format Version 12.00
# Visual Studio Version 17
VisualStudioVersion = 17.3.32825.248
MinimumVisualStudioVersion = 10.0.40219.1
Project("{FAE04EC0-301F-11D3-BF4B-00C04F79EFBC}") = "TodoApp", "TodoApp\TodoApp.csproj", "{4E06D563-020B-4612-966B-1CD6B2C8C460}"
EndProject
Global
	GlobalSection(SolutionConfigurationPlatforms) = preSolution
		Debug|Any CPU = Debug|Any CPU
		Release|Any CPU = Release|Any CPU
	EndGlobalSection
	GlobalSection(ProjectConfigurationPlatforms) = postSolution
		{4E06D563-020B-4612-966B-1CD6B2C8C460}.Debug|Any CPU.ActiveCfg = Debug|Any CPU
		{4E06D563-020B-4612-966B-1CD6B2C8C460}.Debug|Any CPU.Build.0 = Debug|Any CPU
		{4E06D563-020B-4612-966B-1CD6B2C8C460}.Release|Any CPU.ActiveCfg = Release|Any CPU
		{4E06D563-020B-4612-966B-1CD6B2C8C460}.Release|Any CPU.Build.0 = Release|Any CPU
	EndGlobalSection
	GlobalSection(SolutionProperties) = preSolution
		HideSolutionNode = FALSE
	EndGlobalSection
	GlobalSection(ExtensibilityGlobals) = postSolution
		SolutionGuid = {39E1149D-A54F-4701-978F-CF05D99FB901}
	EndGlobalSection
EndGlobal
